
Microsoft Visual Studio Solution File, Format Version 12.00
# Visual Studio 15
VisualStudioVersion = 15.0.27428.2015
MinimumVisualStudioVersion = 10.0.40219.1
Project("{FAE04EC0-301F-11D3-BF4B-00C04F79EFBC}") = "FizzBuzz", "FizzBuzz\FizzBuzz.csproj", "{C8F58AF6-37D1-4984-A67C-882AC9E845CC}"
EndProject
Project("{FAE04EC0-301F-11D3-BF4B-00C04F79EFBC}") = "Braces", "Braces\Braces.csproj", "{AADF948C-8140-4CDA-AB1C-5E34C86DA93B}"
EndProject
Project("{FAE04EC0-301F-11D3-BF4B-00C04F79EFBC}") = "MovieTitles", "MovieTitles\MovieTitles.csproj", "{281DE840-1E4B-4812-AC77-E4DC98D874B6}"
EndProject
Global
	GlobalSection(SolutionConfigurationPlatforms) = preSolution
		Debug|Any CPU = Debug|Any CPU
		Release|Any CPU = Release|Any CPU
	EndGlobalSection
	GlobalSection(ProjectConfigurationPlatforms) = postSolution
		{C8F58AF6-37D1-4984-A67C-882AC9E845CC}.Debug|Any CPU.ActiveCfg = Debug|Any CPU
		{C8F58AF6-37D1-4984-A67C-882AC9E845CC}.Debug|Any CPU.Build.0 = Debug|Any CPU
		{C8F58AF6-37D1-4984-A67C-882AC9E845CC}.Release|Any CPU.ActiveCfg = Release|Any CPU
		{C8F58AF6-37D1-4984-A67C-882AC9E845CC}.Release|Any CPU.Build.0 = Release|Any CPU
		{AADF948C-8140-4CDA-AB1C-5E34C86DA93B}.Debug|Any CPU.ActiveCfg = Debug|Any CPU
		{AADF948C-8140-4CDA-AB1C-5E34C86DA93B}.Debug|Any CPU.Build.0 = Debug|Any CPU
		{AADF948C-8140-4CDA-AB1C-5E34C86DA93B}.Release|Any CPU.ActiveCfg = Release|Any CPU
		{AADF948C-8140-4CDA-AB1C-5E34C86DA93B}.Release|Any CPU.Build.0 = Release|Any CPU
		{281DE840-1E4B-4812-AC77-E4DC98D874B6}.Debug|Any CPU.ActiveCfg = Debug|Any CPU
		{281DE840-1E4B-4812-AC77-E4DC98D874B6}.Debug|Any CPU.Build.0 = Debug|Any CPU
		{281DE840-1E4B-4812-AC77-E4DC98D874B6}.Release|Any CPU.ActiveCfg = Release|Any CPU
		{281DE840-1E4B-4812-AC77-E4DC98D874B6}.Release|Any CPU.Build.0 = Release|Any CPU
	EndGlobalSection
	GlobalSection(SolutionProperties) = preSolution
		HideSolutionNode = FALSE
	EndGlobalSection
	GlobalSection(ExtensibilityGlobals) = postSolution
		SolutionGuid = {1F6335D7-9585-49D0-BB12-462950503E73}
	EndGlobalSection
EndGlobal
